
Microsoft Visual Studio Solution File, Format Version 12.00
# Visual Studio Version 17
VisualStudioVersion = 17.3.32819.101
MinimumVisualStudioVersion = 10.0.40219.1
Project("{9A19103F-16F7-4668-BE54-9A1E7A4F7556}") = "Blog", "Blog.csproj", "{8C71BBEE-68B9-4B18-91B9-5F18147F045E}"
EndProject
Global
	GlobalSection(SolutionConfigurationPlatforms) = preSolution
		Debug|Any CPU = Debug|Any CPU
		Release|Any CPU = Release|Any CPU
	EndGlobalSection
	GlobalSection(ProjectConfigurationPlatforms) = postSolution
		{8C71BBEE-68B9-4B18-91B9-5F18147F045E}.Debug|Any CPU.ActiveCfg = Debug|Any CPU
		{8C71BBEE-68B9-4B18-91B9-5F18147F045E}.Debug|Any CPU.Build.0 = Debug|Any CPU
		{8C71BBEE-68B9-4B18-91B9-5F18147F045E}.Release|Any CPU.ActiveCfg = Release|Any CPU
		{8C71BBEE-68B9-4B18-91B9-5F18147F045E}.Release|Any CPU.Build.0 = Release|Any CPU
	EndGlobalSection
	GlobalSection(SolutionProperties) = preSolution
		HideSolutionNode = FALSE
	EndGlobalSection
	GlobalSection(ExtensibilityGlobals) = postSolution
		SolutionGuid = {FACFB8C6-25A7-4005-A089-53F81F0AD221}
	EndGlobalSection
EndGlobal
